{
	"name": "sketchvg",
	"lockfileVersion": 2,
	"requires": true,
	"packages": {
		"": {
			"dependencies": {
				"@flatten-js/core": "^1.2.15",
				"@types/lodash": "^4.14.162",
				"bezier-js": "^4.0.3",
				"ejson": "^2.2.0",
				"jquery": "^3.5.1",
				"jquery-ui-dist": "^1.12.1",
				"lodash": "^4.17.20",
				"vue": "^2.6.12"
			},
			"devDependencies": {
				"@types/jquery": "^3.3.38",
				"@types/jqueryui": "^1.12.14",
				"@types/node": "^13.13.0",
				"typescript": "^4.0.5"
			}
		},
		"node_modules/@flatten-js/core": {
			"version": "1.2.15",
			"resolved": "https://registry.npmjs.org/@flatten-js/core/-/core-1.2.15.tgz",
			"integrity": "sha512-RkVLd+ZKlSkUYB6NOIG7MUoXTTfzfO0wrm4Hx9+TwRsXI667WIb9sRmbYuOVE1PI1nP/OFEEKebe4mrYoRpOWQ==",
			"dependencies": {
				"@flatten-js/interval-tree": "^1.0.11"
			},
			"engines": {
				"node": ">=4.2.4"
			}
		},
		"node_modules/@flatten-js/interval-tree": {
			"version": "1.0.12",
			"resolved": "https://registry.npmjs.org/@flatten-js/interval-tree/-/interval-tree-1.0.12.tgz",
			"integrity": "sha512-j2o14WdFPII5cI57j0XNSWQm80gM4G6RT5+NLaH8q7KmQKejR/qZiGiViMjRgMtPiiwaX6hv3hlXeyRL3yzi7g=="
		},
		"node_modules/@types/jquery": {
			"version": "3.5.2",
			"resolved": "https://registry.npmjs.org/@types/jquery/-/jquery-3.5.2.tgz",
			"integrity": "sha512-+MFOdKF5Zr41t3y2wfzJvK1PrUK0KtPLAFwYownp/0nCoMIANDDu5aFSpWfb8S0ZajCSNeaBnMrBGxksXK5yeg==",
			"dev": true,
			"dependencies": {
				"@types/sizzle": "*"
			}
		},
		"node_modules/@types/jqueryui": {
			"version": "1.12.14",
			"resolved": "https://registry.npmjs.org/@types/jqueryui/-/jqueryui-1.12.14.tgz",
			"integrity": "sha512-fR9PoOI0yauBS0sjGaU3ao0s2pJWjBi0yVYnPdYbllNoimaPUlHMOh0Ubq+hy8OB258hRSlK2hWCJk40kNhrZQ==",
			"dev": true,
			"license": "MIT",
			"dependencies": {
				"@types/jquery": "*"
			}
		},
		"node_modules/@types/lodash": {
			"version": "4.14.162",
			"resolved": "https://registry.npmjs.org/@types/lodash/-/lodash-4.14.162.tgz",
			"integrity": "sha512-alvcho1kRUnnD1Gcl4J+hK0eencvzq9rmzvFPRmP5rPHx9VVsJj6bKLTATPVf9ktgv4ujzh7T+XWKp+jhuODig=="
		},
		"node_modules/@types/node": {
			"version": "13.13.25",
			"resolved": "https://registry.npmjs.org/@types/node/-/node-13.13.25.tgz",
			"integrity": "sha512-6ZMK4xRcF2XrPdKmPYQxZkdHKV18xKgUFVvhIgw2iwaaO6weleLPHLBGPZmLhjo+m1N+MZXRAoBEBCCVqgO2zQ==",
			"dev": true
		},
		"node_modules/@types/sizzle": {
			"version": "2.3.2",
			"resolved": "https://registry.npmjs.org/@types/sizzle/-/sizzle-2.3.2.tgz",
			"integrity": "sha512-7EJYyKTL7tFR8+gDbB6Wwz/arpGa0Mywk1TJbNzKzHtzbwVmY4HR9WqS5VV7dsBUKQmPNr192jHr/VpBluj/hg==",
			"dev": true
		},
		"node_modules/bezier-js": {
			"version": "4.0.3",
			"resolved": "https://registry.npmjs.org/bezier-js/-/bezier-js-4.0.3.tgz",
			"integrity": "sha512-w85AFcZ7EkszFgxuHYQ2/BI2G7H5bEotZD9vcg8+Hx4S8zF2odJBoFSFvGbcFDH5ScSxG27/IhW03SigVmkXNQ=="
		},
		"node_modules/ejson": {
			"version": "2.2.0",
			"resolved": "https://registry.npmjs.org/ejson/-/ejson-2.2.0.tgz",
			"integrity": "sha512-kWa0AKAxDhmr4t6c4pgQqk6yL52/M67xOMh60HRnAeydzo5QIxOitN5bE1+e0rbdnxfly7FTB9e2Ny0ypLMbag=="
		},
		"node_modules/jquery": {
			"version": "3.5.1",
			"resolved": "https://registry.npmjs.org/jquery/-/jquery-3.5.1.tgz",
			"integrity": "sha512-XwIBPqcMn57FxfT+Go5pzySnm4KWkT1Tv7gjrpT1srtf8Weynl6R273VJ5GjkRb51IzMp5nbaPjJXMWeju2MKg=="
		},
		"node_modules/jquery-ui-dist": {
			"version": "1.12.1",
			"resolved": "https://registry.npmjs.org/jquery-ui-dist/-/jquery-ui-dist-1.12.1.tgz",
			"integrity": "sha1-XAgV08xvkP9fqvWyaKbiO0ypBPo="
		},
		"node_modules/lodash": {
			"version": "4.17.20",
			"resolved": "https://registry.npmjs.org/lodash/-/lodash-4.17.20.tgz",
			"integrity": "sha512-PlhdFcillOINfeV7Ni6oF1TAEayyZBoZ8bcshTHqOYJYlrqzRK5hagpagky5o4HfCzzd1TRkXPMFq6cKk9rGmA=="
		},
		"node_modules/typescript": {
			"version": "4.0.5",
			"resolved": "https://registry.npmjs.org/typescript/-/typescript-4.0.5.tgz",
			"integrity": "sha512-ywmr/VrTVCmNTJ6iV2LwIrfG1P+lv6luD8sUJs+2eI9NLGigaN+nUQc13iHqisq7bra9lnmUSYqbJvegraBOPQ==",
			"dev": true,
			"bin": {
				"tsc": "bin/tsc",
				"tsserver": "bin/tsserver"
			},
			"engines": {
				"node": ">=4.2.0"
			}
		},
		"node_modules/vue": {
			"version": "2.6.12",
			"resolved": "https://registry.npmjs.org/vue/-/vue-2.6.12.tgz",
			"integrity": "sha512-uhmLFETqPPNyuLLbsKz6ioJ4q7AZHzD8ZVFNATNyICSZouqP2Sz0rotWQC8UNBF6VGSCs5abnKJoStA6JbCbfg=="
		}
	},
	"dependencies": {
		"@flatten-js/core": {
			"version": "1.2.15",
			"resolved": "https://registry.npmjs.org/@flatten-js/core/-/core-1.2.15.tgz",
			"integrity": "sha512-RkVLd+ZKlSkUYB6NOIG7MUoXTTfzfO0wrm4Hx9+TwRsXI667WIb9sRmbYuOVE1PI1nP/OFEEKebe4mrYoRpOWQ==",
			"requires": {
				"@flatten-js/interval-tree": "^1.0.11"
			}
		},
		"@flatten-js/interval-tree": {
			"version": "1.0.12",
			"resolved": "https://registry.npmjs.org/@flatten-js/interval-tree/-/interval-tree-1.0.12.tgz",
			"integrity": "sha512-j2o14WdFPII5cI57j0XNSWQm80gM4G6RT5+NLaH8q7KmQKejR/qZiGiViMjRgMtPiiwaX6hv3hlXeyRL3yzi7g=="
		},
		"@types/jquery": {
			"version": "3.5.2",
			"resolved": "https://registry.npmjs.org/@types/jquery/-/jquery-3.5.2.tgz",
			"integrity": "sha512-+MFOdKF5Zr41t3y2wfzJvK1PrUK0KtPLAFwYownp/0nCoMIANDDu5aFSpWfb8S0ZajCSNeaBnMrBGxksXK5yeg==",
			"dev": true,
			"requires": {
				"@types/sizzle": "*"
			}
		},
		"@types/jqueryui": {
			"version": "1.12.14",
			"resolved": "https://registry.npmjs.org/@types/jqueryui/-/jqueryui-1.12.14.tgz",
			"integrity": "sha512-fR9PoOI0yauBS0sjGaU3ao0s2pJWjBi0yVYnPdYbllNoimaPUlHMOh0Ubq+hy8OB258hRSlK2hWCJk40kNhrZQ==",
			"dev": true,
			"requires": {
				"@types/jquery": "*"
			}
		},
		"@types/lodash": {
			"version": "4.14.162",
			"resolved": "https://registry.npmjs.org/@types/lodash/-/lodash-4.14.162.tgz",
			"integrity": "sha512-alvcho1kRUnnD1Gcl4J+hK0eencvzq9rmzvFPRmP5rPHx9VVsJj6bKLTATPVf9ktgv4ujzh7T+XWKp+jhuODig=="
		},
		"@types/node": {
			"version": "13.13.25",
			"resolved": "https://registry.npmjs.org/@types/node/-/node-13.13.25.tgz",
			"integrity": "sha512-6ZMK4xRcF2XrPdKmPYQxZkdHKV18xKgUFVvhIgw2iwaaO6weleLPHLBGPZmLhjo+m1N+MZXRAoBEBCCVqgO2zQ==",
			"dev": true
		},
		"@types/sizzle": {
			"version": "2.3.2",
			"resolved": "https://registry.npmjs.org/@types/sizzle/-/sizzle-2.3.2.tgz",
			"integrity": "sha512-7EJYyKTL7tFR8+gDbB6Wwz/arpGa0Mywk1TJbNzKzHtzbwVmY4HR9WqS5VV7dsBUKQmPNr192jHr/VpBluj/hg==",
			"dev": true
		},
		"bezier-js": {
			"version": "4.0.3",
			"resolved": "https://registry.npmjs.org/bezier-js/-/bezier-js-4.0.3.tgz",
			"integrity": "sha512-w85AFcZ7EkszFgxuHYQ2/BI2G7H5bEotZD9vcg8+Hx4S8zF2odJBoFSFvGbcFDH5ScSxG27/IhW03SigVmkXNQ=="
		},
		"ejson": {
			"version": "2.2.0",
			"resolved": "https://registry.npmjs.org/ejson/-/ejson-2.2.0.tgz",
			"integrity": "sha512-kWa0AKAxDhmr4t6c4pgQqk6yL52/M67xOMh60HRnAeydzo5QIxOitN5bE1+e0rbdnxfly7FTB9e2Ny0ypLMbag=="
		},
		"jquery": {
			"version": "3.5.1",
			"resolved": "https://registry.npmjs.org/jquery/-/jquery-3.5.1.tgz",
			"integrity": "sha512-XwIBPqcMn57FxfT+Go5pzySnm4KWkT1Tv7gjrpT1srtf8Weynl6R273VJ5GjkRb51IzMp5nbaPjJXMWeju2MKg=="
		},
		"jquery-ui-dist": {
			"version": "1.12.1",
			"resolved": "https://registry.npmjs.org/jquery-ui-dist/-/jquery-ui-dist-1.12.1.tgz",
			"integrity": "sha1-XAgV08xvkP9fqvWyaKbiO0ypBPo="
		},
		"lodash": {
			"version": "4.17.20",
			"resolved": "https://registry.npmjs.org/lodash/-/lodash-4.17.20.tgz",
			"integrity": "sha512-PlhdFcillOINfeV7Ni6oF1TAEayyZBoZ8bcshTHqOYJYlrqzRK5hagpagky5o4HfCzzd1TRkXPMFq6cKk9rGmA=="
		},
		"typescript": {
			"version": "4.0.5",
			"resolved": "https://registry.npmjs.org/typescript/-/typescript-4.0.5.tgz",
			"integrity": "sha512-ywmr/VrTVCmNTJ6iV2LwIrfG1P+lv6luD8sUJs+2eI9NLGigaN+nUQc13iHqisq7bra9lnmUSYqbJvegraBOPQ==",
			"dev": true
		},
		"vue": {
			"version": "2.6.12",
			"resolved": "https://registry.npmjs.org/vue/-/vue-2.6.12.tgz",
			"integrity": "sha512-uhmLFETqPPNyuLLbsKz6ioJ4q7AZHzD8ZVFNATNyICSZouqP2Sz0rotWQC8UNBF6VGSCs5abnKJoStA6JbCbfg=="
		}
	}
}
